{
  "nodes": {
    "agenix": {
      "inputs": {
        "darwin": "darwin",
        "home-manager": "home-manager",
        "nixpkgs": "nixpkgs"
      },
      "locked": {
        "lastModified": 1790441135,
        "narHash": "sha256-oKs+kC5OKcLvr0k+TE9/8JnDXG7o4DD0ymQ4EaPxKN8=",
        "owner": "ryantm",
        "repo": "agenix",
        "rev": "c34d0c9cc935bfd2cfca2189146c3fc6d22ce734",
        "type": "github"
      },
      "original": {
        "owner": "ryantm",
        "repo": "agenix",
        "type": "github"
      }
    },
    "darwin": {
      "inputs": {
        "nixpkgs": [
          "agenix",
          "nixpkgs"
        ]
      },
      "locked": {
        "lastModified": 1783744694,
        "narHash": "sha256-2cp6N3rrwnGYLTx9l6N+NI+kwrCWxvJUbj5WJhvB29A=",
        "owner": "nix-darwin",
        "repo": "nix-darwin",
        "rev": "c3e90c89649b07d1a96e4b9dd6cd0d6e44b91a74",
        "type": "github"
      },
      "original": {
        "owner": "nix-darwin",
        "ref": "nix-darwin-26.05",
        "repo": "nix-darwin",
        "type": "github"
      }
    },
    "devenv": {
      "locked": {
        "dir": "src/modules",
        "lastModified": 1790415795,
        "narHash": "sha256-nvpxhuC///gvHzRj9/8A+3+2frKEP8kaabBuQDRO4G4=",
        "owner": "cachix",
        "repo": "devenv",
        "rev": "6d76db3889deba50ba7d906ec710d59fcd86354a",
        "type": "github"
      },
      "original": {
        "dir": "src/modules",
        "owner": "cachix",
        "repo": "devenv",
        "type": "github"
      }
    },
    "home-manager": {
      "inputs": {
        "nixpkgs": [
          "agenix",
          "nixpkgs"
        ]
      },
      "locked": {
        "lastModified": 1790215976,
        "narHash": "sha256-VkR1rMGyjU9jtw8ISFx5uqR9e+LEaOlhHwrseFkiIVk=",
        "owner": "nix-community",
        "repo": "home-manager",
        "rev": "a6631107a83ceab5872f298a2ea710859c80c4cb",
        "type": "github"
      },
      "original": {
        "owner": "nix-community",
        "ref": "release-26.05",
        "repo": "home-manager",
        "type": "github"
      }
    },
    "nixpkgs": {
      "locked": {
        "lastModified": 1790340521,
        "narHash": "sha256-cRrWlIjVRJ6BHDr9caUdXsZ3owzWIKYHpNmGPHBInIU=",
        "owner": "NixOS",
        "repo": "nixpkgs",
        "rev": "f5c082a40f7571c266e74e80ae2e68aadd8a9fc7",
        "type": "github"
      },
      "original": {
        "owner": "NixOS",
        "ref": "nixos-26.05",
        "repo": "nixpkgs",
        "type": "github"
      }
    },
    "nixpkgs-src": {
      "flake": false,
      "locked": {
        "lastModified": 1789370336,
        "narHash": "sha256-6RSEDHIWQtesQKWSu5qRai8L2h4KgCgMEfJHstW99G4=",
        "owner": "NixOS",
        "repo": "nixpkgs",
        "rev": "c7def046b9a883d46974757852106483d741586f",
        "type": "github"
      },
      "original": {
        "owner": "NixOS",
        "ref": "nixpkgs-unstable",
        "repo": "nixpkgs",
        "type": "github"
      }
    },
    "nixpkgs_2": {
      "inputs": {
        "nixpkgs-src": "nixpkgs-src"
      },
      "locked": {
        "lastModified": 1789506231,
        "narHash": "sha256-vNkJbtmqyBfFhn/HnzQo4ROuoyYWuy/allqTfJb4kMY=",
        "owner": "cachix",
        "repo": "devenv-nixpkgs",
        "rev": "c2f38fe7f9e04d9aadd354d380f2bd40531d9737",
        "type": "github"
      },
      "original": {
        "owner": "cachix",
        "ref": "rolling",
        "repo": "devenv-nixpkgs",
        "type": "github"
      }
    },
    "nixpkgs_3": {
      "locked": {
        "lastModified": 1790419373,
        "narHash": "sha256-ITW3wS8C/f8Ex97WWHfykDC2Zc1DlgChlCKKogMpRa0=",
        "owner": "NixOS",
        "repo": "nixpkgs",
        "rev": "74435dcdae840e9770652a7bf7754c2ef7b257e1",
        "type": "github"
      },
      "original": {
        "owner": "NixOS",
        "ref": "nixpkgs-unstable",
        "repo": "nixpkgs",
        "type": "github"
      }
    },
    "nur-packages": {
      "inputs": {
        "nixpkgs": "nixpkgs_3"
      },
      "locked": {
        "lastModified": 1790440847,
        "narHash": "sha256-ijg/IU8aMZB5IRtXeIQaIX/58aFu6KCFdE3/NpxJu9E=",
        "owner": "mzwing",
        "repo": "nur-packages",
        "rev": "f0743ad8313392a155ac62e90a6fd1b84bc2b593",
        "type": "github"
      },
      "original": {
        "owner": "mzwing",
        "repo": "nur-packages",
        "type": "github"
      }
    },
    "root": {
      "inputs": {
        "agenix": "agenix",
        "devenv": "devenv",
        "nixpkgs": "nixpkgs_2",
        "nur-packages": "nur-packages"
      }
    }
  },
  "root": "root",
  "version": 7
}